
Microsoft Visual Studio Solution File, Format Version 12.00
# Visual Studio Version 16
VisualStudioVersion = 16.0.31624.102
MinimumVisualStudioVersion = 10.0.40219.1
Project("{9A19103F-16F7-4668-BE54-9A1E7A4F7556}") = "GitHubSearchWebApp", "GitHubSearchWebApp\GitHubSearchWebApp.csproj", "{D8653021-A80C-4E71-8524-F06A64E5F6D1}"
EndProject
Project("{9A19103F-16F7-4668-BE54-9A1E7A4F7556}") = "GitHubSearchWebApp.Tests", "GitHubSearchWebApp.Tests\GitHubSearchWebApp.Tests.csproj", "{23B4BDB7-113F-43BA-89EA-932F30755E93}"
EndProject
Global
	GlobalSection(SolutionConfigurationPlatforms) = preSolution
		Debug|Any CPU = Debug|Any CPU
		Release|Any CPU = Release|Any CPU
	EndGlobalSection
	GlobalSection(ProjectConfigurationPlatforms) = postSolution
		{D8653021-A80C-4E71-8524-F06A64E5F6D1}.Debug|Any CPU.ActiveCfg = Debug|Any CPU
		{D8653021-A80C-4E71-8524-F06A64E5F6D1}.Debug|Any CPU.Build.0 = Debug|Any CPU
		{D8653021-A80C-4E71-8524-F06A64E5F6D1}.Release|Any CPU.ActiveCfg = Release|Any CPU
		{D8653021-A80C-4E71-8524-F06A64E5F6D1}.Release|Any CPU.Build.0 = Release|Any CPU
		{23B4BDB7-113F-43BA-89EA-932F30755E93}.Debug|Any CPU.ActiveCfg = Debug|Any CPU
		{23B4BDB7-113F-43BA-89EA-932F30755E93}.Debug|Any CPU.Build.0 = Debug|Any CPU
		{23B4BDB7-113F-43BA-89EA-932F30755E93}.Release|Any CPU.ActiveCfg = Release|Any CPU
		{23B4BDB7-113F-43BA-89EA-932F30755E93}.Release|Any CPU.Build.0 = Release|Any CPU
	EndGlobalSection
	GlobalSection(SolutionProperties) = preSolution
		HideSolutionNode = FALSE
	EndGlobalSection
	GlobalSection(ExtensibilityGlobals) = postSolution
		SolutionGuid = {7B82B480-C048-4195-9637-33E749ED11C5}
	EndGlobalSection
EndGlobal
