
Microsoft Visual Studio Solution File, Format Version 12.00
# Visual Studio Version 16
VisualStudioVersion = 16.0.31624.102
MinimumVisualStudioVersion = 10.0.40219.1
Project("{9A19103F-16F7-4668-BE54-9A1E7A4F7556}") = "GitHubSearchWebApp", "GitHubSearchWebApp.csproj", "{CE155771-E537-42B0-B3F0-938ED9E246D2}"
EndProject
Project("{FAE04EC0-301F-11D3-BF4B-00C04F79EFBC}") = "GitHubSearchWebApp.Tests", "GitHubSearchWebApp.Tests\GitHubSearchWebApp.Tests.csproj", "{9BC2389D-EED1-4937-8808-CDA81584838F}"
EndProject
Global
	GlobalSection(SolutionConfigurationPlatforms) = preSolution
		Debug|Any CPU = Debug|Any CPU
		Release|Any CPU = Release|Any CPU
	EndGlobalSection
	GlobalSection(ProjectConfigurationPlatforms) = postSolution
		{CE155771-E537-42B0-B3F0-938ED9E246D2}.Debug|Any CPU.ActiveCfg = Debug|Any CPU
		{CE155771-E537-42B0-B3F0-938ED9E246D2}.Debug|Any CPU.Build.0 = Debug|Any CPU
		{CE155771-E537-42B0-B3F0-938ED9E246D2}.Release|Any CPU.ActiveCfg = Release|Any CPU
		{CE155771-E537-42B0-B3F0-938ED9E246D2}.Release|Any CPU.Build.0 = Release|Any CPU
		{9BC2389D-EED1-4937-8808-CDA81584838F}.Debug|Any CPU.ActiveCfg = Debug|Any CPU
		{9BC2389D-EED1-4937-8808-CDA81584838F}.Debug|Any CPU.Build.0 = Debug|Any CPU
		{9BC2389D-EED1-4937-8808-CDA81584838F}.Release|Any CPU.ActiveCfg = Release|Any CPU
		{9BC2389D-EED1-4937-8808-CDA81584838F}.Release|Any CPU.Build.0 = Release|Any CPU
	EndGlobalSection
	GlobalSection(SolutionProperties) = preSolution
		HideSolutionNode = FALSE
	EndGlobalSection
	GlobalSection(ExtensibilityGlobals) = postSolution
		SolutionGuid = {7BA75688-B3D5-478D-A72D-69C23A8113D4}
	EndGlobalSection
EndGlobal
